// !$*UTF8*$!
{
	archiveVersion = 1;
	classes = {
	};
	objectVersion = 50;
	objects = {

/* Begin PBXBuildFile section */
		07CEFAD8232A06FD00D3999E /* AppDelegate.swift in Sources */ = {isa = PBXBuildFile; fileRef = 07CEFAD7232A06FD00D3999E /* AppDelegate.swift */; };
		07CEFADA232A06FD00D3999E /* ViewController.swift in Sources */ = {isa = PBXBuildFile; fileRef = 07CEFAD9232A06FD00D3999E /* ViewController.swift */; };
		07CEFADD232A06FD00D3999E /* Main.storyboard in Resources */ = {isa = PBXBuildFile; fileRef = 07CEFADB232A06FD00D3999E /* Main.storyboard */; };
		07CEFAE0232A06FD00D3999E /* ProgrammaticAutoLayoutConstraints.xcdatamodeld in Sources */ = {isa = PBXBuildFile; fileRef = 07CEFADE232A06FD00D3999E /* ProgrammaticAutoLayoutConstraints.xcdatamodeld */; };
		07CEFAE2232A06FF00D3999E /* Assets.xcassets in Resources */ = {isa = PBXBuildFile; fileRef = 07CEFAE1232A06FF00D3999E /* Assets.xcassets */; };
		07CEFAE5232A06FF00D3999E /* LaunchScreen.storyboard in Resources */ = {isa = PBXBuildFile; fileRef = 07CEFAE3232A06FF00D3999E /* LaunchScreen.storyboard */; };
		07CEFAED232A8DBB00D3999E /* test.jpg in Resources */ = {isa = PBXBuildFile; fileRef = 07CEFAEC232A8DBB00D3999E /* test.jpg */; };
/* End PBXBuildFile section */

/* Begin PBXFileReference section */
		07CEFAD4232A06FD00D3999E /* ProgrammaticAutoLayoutConstraints.app */ = {isa = PBXFileReference; explicitFileType = wrapper.application; includeInIndex = 0; path = ProgrammaticAutoLayoutConstraints.app; sourceTree = BUILT_PRODUCTS_DIR; };
		07CEFAD7232A06FD00D3999E /* AppDelegate.swift */ = {isa = PBXFileReference; lastKnownFileType = sourcecode.swift; path = AppDelegate.swift; sourceTree = "<group>"; };
		07CEFAD9232A06FD00D3999E /* ViewController.swift */ = {isa = PBXFileReference; lastKnownFileType = sourcecode.swift; path = ViewController.swift; sourceTree = "<group>"; };
		07CEFADC232A06FD00D3999E /* Base */ = {isa = PBXFileReference; lastKnownFileType = file.storyboard; name = Base; path = Base.lproj/Main.storyboard; sourceTree = "<group>"; };
		07CEFADF232A06FD00D3999E /* ProgrammaticAutoLayoutConstraints.xcdatamodel */ = {isa = PBXFileReference; lastKnownFileType = wrapper.xcdatamodel; path = ProgrammaticAutoLayoutConstraints.xcdatamodel; sourceTree = "<group>"; };
		07CEFAE1232A06FF00D3999E /* Assets.xcassets */ = {isa = PBXFileReference; lastKnownFileType = folder.assetcatalog; path = Assets.xcassets; sourceTree = "<group>"; };
		07CEFAE4232A06FF00D3999E /* Base */ = {isa = PBXFileReference; lastKnownFileType = file.storyboard; name = Base; path = Base.lproj/LaunchScreen.storyboard; sourceTree = "<group>"; };
		07CEFAE6232A06FF00D3999E /* Info.plist */ = {isa = PBXFileReference; lastKnownFileType = text.plist.xml; path = Info.plist; sourceTree = "<group>"; };
		07CEFAEC232A8DBB00D3999E /* test.jpg */ = {isa = PBXFileReference; lastKnownFileType = image.jpeg; path = test.jpg; sourceTree = "<group>"; };
/* End PBXFileReference section */

/* Begin PBXFrameworksBuildPhase section */
		07CEFAD1232A06FD00D3999E /* Frameworks */ = {
			isa = PBXFrameworksBuildPhase;
			buildActionMask = 2147483647;
			files = (
			);
			runOnlyForDeploymentPostprocessing = 0;
		};
/* End PBXFrameworksBuildPhase section */

/* Begin PBXGroup section */
		07CEFACB232A06FD00D3999E = {
			isa = PBXGroup;
			children = (
				07CEFAD6232A06FD00D3999E /* ProgrammaticAutoLayoutConstraints */,
				07CEFAD5232A06FD00D3999E /* Products */,
			);
			sourceTree = "<group>";
		};
		07CEFAD5232A06FD00D3999E /* Products */ = {
			isa = PBXGroup;
			children = (
				07CEFAD4232A06FD00D3999E /* ProgrammaticAutoLayoutConstraints.app */,
			);
			name = Products;
			sourceTree = "<group>";
		};
		07CEFAD6232A06FD00D3999E /* ProgrammaticAutoLayoutConstraints */ = {
			isa = PBXGroup;
			children = (
				07CEFAEC232A8DBB00D3999E /* test.jpg */,
				07CEFAD7232A06FD00D3999E /* AppDelegate.swift */,
				07CEFAD9232A06FD00D3999E /* ViewController.swift */,
				07CEFADB232A06FD00D3999E /* Main.storyboard */,
				07CEFAE1232A06FF00D3999E /* Assets.xcassets */,
				07CEFAE3232A06FF00D3999E /* LaunchScreen.storyboard */,
				07CEFAE6232A06FF00D3999E /* Info.plist */,
				07CEFADE232A06FD00D3999E /* ProgrammaticAutoLayoutConstraints.xcdatamodeld */,
			);
			path = ProgrammaticAutoLayoutConstraints;
			sourceTree = "<group>";
		};
/* End PBXGroup section */

/* Begin PBXNativeTarget section */
		07CEFAD3232A06FD00D3999E /* ProgrammaticAutoLayoutConstraints */ = {
			isa = PBXNativeTarget;
			buildConfigurationList = 07CEFAE9232A06FF00D3999E /* Build configuration list for PBXNativeTarget "ProgrammaticAutoLayoutConstraints" */;
			buildPhases = (
				07CEFAD0232A06FD00D3999E /* Sources */,
				07CEFAD1232A06FD00D3999E /* Frameworks */,
				07CEFAD2232A06FD00D3999E /* Resources */,
			);
			buildRules = (
			);
			dependencies = (
			);
			name = ProgrammaticAutoLayoutConstraints;
			productName = ProgrammaticAutoLayoutConstraints;
			productReference = 07CEFAD4232A06FD00D3999E /* ProgrammaticAutoLayoutConstraints.app */;
			productType = "com.apple.product-type.application";
		};
/* End PBXNativeTarget section */

/* Begin PBXProject section */
		07CEFACC232A06FD00D3999E /* Project object */ = {
			isa = PBXProject;
			attributes = {
				LastSwiftUpdateCheck = 1030;
				LastUpgradeCheck = 1030;
				ORGANIZATIONNAME = "Brady Webb";
				TargetAttributes = {
					07CEFAD3232A06FD00D3999E = {
						CreatedOnToolsVersion = 10.3;
					};
				};
			};
			buildConfigurationList = 07CEFACF232A06FD00D3999E /* Build configuration list for PBXProject "ProgrammaticAutoLayoutConstraints" */;
			compatibilityVersion = "Xcode 9.3";
			developmentRegion = en;
			hasScannedForEncodings = 0;
			knownRegions = (
				en,
				Base,
			);
			mainGroup = 07CEFACB232A06FD00D3999E;
			productRefGroup = 07CEFAD5232A06FD00D3999E /* Products */;
			projectDirPath = "";
			projectRoot = "";
			targets = (
				07CEFAD3232A06FD00D3999E /* ProgrammaticAutoLayoutConstraints */,
			);
		};
/* End PBXProject section */

/* Begin PBXResourcesBuildPhase section */
		07CEFAD2232A06FD00D3999E /* Resources */ = {
			isa = PBXResourcesBuildPhase;
			buildActionMask = 2147483647;
			files = (
				07CEFAE5232A06FF00D3999E /* LaunchScreen.storyboard in Resources */,
				07CEFAED232A8DBB00D3999E /* test.jpg in Resources */,
				07CEFAE2232A06FF00D3999E /* Assets.xcassets in Resources */,
				07CEFADD232A06FD00D3999E /* Main.storyboard in Resources */,
			);
			runOnlyForDeploymentPostprocessing = 0;
		};
/* End PBXResourcesBuildPhase section */

/* Begin PBXSourcesBuildPhase section */
		07CEFAD0232A06FD00D3999E /* Sources */ = {
			isa = PBXSourcesBuildPhase;
			buildActionMask = 2147483647;
			files = (
				07CEFADA232A06FD00D3999E /* ViewController.swift in Sources */,
				07CEFAE0232A06FD00D3999E /* ProgrammaticAutoLayoutConstraints.xcdatamodeld in Sources */,
				07CEFAD8232A06FD00D3999E /* AppDelegate.swift in Sources */,
			);
			runOnlyForDeploymentPostprocessing = 0;
		};
/* End PBXSourcesBuildPhase section */

/* Begin PBXVariantGroup section */
		07CEFADB232A06FD00D3999E /* Main.storyboard */ = {
			isa = PBXVariantGroup;
			children = (
				07CEFADC232A06FD00D3999E /* Base */,
			);
			name = Main.storyboard;
			sourceTree = "<group>";
		};
		07CEFAE3232A06FF00D3999E /* LaunchScreen.storyboard */ = {
			isa = PBXVariantGroup;
			children = (
				07CEFAE4232A06FF00D3999E /* Base */,
			);
			name = LaunchScreen.storyboard;
			sourceTree = "<group>";
		};
/* End PBXVariantGroup section */

/* Begin XCBuildConfiguration section */
		07CEFAE7232A06FF00D3999E /* Debug */ = {
			isa = XCBuildConfiguration;
			buildSettings = {
				ALWAYS_SEARCH_USER_PATHS = NO;
				CLANG_ANALYZER_NONNULL = YES;
				CLANG_ANALYZER_NUMBER_OBJECT_CONVERSION = YES_AGGRESSIVE;
				CLANG_CXX_LANGUAGE_STANDARD = "gnu++14";
				CLANG_CXX_LIBRARY = "libc++";
				CLANG_ENABLE_MODULES = YES;
				CLANG_ENABLE_OBJC_ARC = YES;
				CLANG_ENABLE_OBJC_WEAK = YES;
				CLANG_WARN_BLOCK_CAPTURE_AUTORELEASING = YES;
				CLANG_WARN_BOOL_CONVERSION = YES;
				CLANG_WARN_COMMA = YES;
				CLANG_WARN_CONSTANT_CONVERSION = YES;
				CLANG_WARN_DEPRECATED_OBJC_IMPLEMENTATIONS = YES;
				CLANG_WARN_DIRECT_OBJC_ISA_USAGE = YES_ERROR;
				CLANG_WARN_DOCUMENTATION_COMMENTS = YES;
				CLANG_WARN_EMPTY_BODY = YES;
				CLANG_WARN_ENUM_CONVERSION = YES;
				CLANG_WARN_INFINITE_RECURSION = YES;
				CLANG_WARN_INT_CONVERSION = YES;
				CLANG_WARN_NON_LITERAL_NULL_CONVERSION = YES;
				CLANG_WARN_OBJC_IMPLICIT_RETAIN_SELF = YES;
				CLANG_WARN_OBJC_LITERAL_CONVERSION = YES;
				CLANG_WARN_OBJC_ROOT_CLASS = YES_ERROR;
				CLANG_WARN_RANGE_LOOP_ANALYSIS = YES;
				CLANG_WARN_STRICT_PROTOTYPES = YES;
				CLANG_WARN_SUSPICIOUS_MOVE = YES;
				CLANG_WARN_UNGUARDED_AVAILABILITY = YES_AGGRESSIVE;
				CLANG_WARN_UNREACHABLE_CODE = YES;
				CLANG_WARN__DUPLICATE_METHOD_MATCH = YES;
				CODE_SIGN_IDENTITY = "iPhone Developer";
				COPY_PHASE_STRIP = NO;
				DEBUG_INFORMATION_FORMAT = dwarf;
				ENABLE_STRICT_OBJC_MSGSEND = YES;
				ENABLE_TESTABILITY = YES;
				GCC_C_LANGUAGE_STANDARD = gnu11;
				GCC_DYNAMIC_NO_PIC = NO;
				GCC_NO_COMMON_BLOCKS = YES;
				GCC_OPTIMIZATION_LEVEL = 0;
				GCC_PREPROCESSOR_DEFINITIONS = (
					"DEBUG=1",
					"$(inherited)",
				);
				GCC_WARN_64_TO_32_BIT_CONVERSION = YES;
				GCC_WARN_ABOUT_RETURN_TYPE = YES_ERROR;
				GCC_WARN_UNDECLARED_SELECTOR = YES;
				GCC_WARN_UNINITIALIZED_AUTOS = YES_AGGRESSIVE;
				GCC_WARN_UNUSED_FUNCTION = YES;
				GCC_WARN_UNUSED_VARIABLE = YES;
				IPHONEOS_DEPLOYMENT_TARGET = 12.4;
				MTL_ENABLE_DEBUG_INFO = INCLUDE_SOURCE;
				MTL_FAST_MATH = YES;
				ONLY_ACTIVE_ARCH = YES;
				SDKROOT = iphoneos;
				SWIFT_ACTIVE_COMPILATION_CONDITIONS = DEBUG;
				SWIFT_OPTIMIZATION_LEVEL = "-Onone";
			};
			name = Debug;
		};
		07CEFAE8232A06FF00D3999E /* Release */ = {
			isa = XCBuildConfiguration;
			buildSettings = {
				ALWAYS_SEARCH_USER_PATHS = NO;
				CLANG_ANALYZER_NONNULL = YES;
				CLANG_ANALYZER_NUMBER_OBJECT_CONVERSION = YES_AGGRESSIVE;
				CLANG_CXX_LANGUAGE_STANDARD = "gnu++14";
				CLANG_CXX_LIBRARY = "libc++";
				CLANG_ENABLE_MODULES = YES;
				CLANG_ENABLE_OBJC_ARC = YES;
				CLANG_ENABLE_OBJC_WEAK = YES;
				CLANG_WARN_BLOCK_CAPTURE_AUTORELEASING = YES;
				CLANG_WARN_BOOL_CONVERSION = YES;
				CLANG_WARN_COMMA = YES;
				CLANG_WARN_CONSTANT_CONVERSION = YES;
				CLANG_WARN_DEPRECATED_OBJC_IMPLEMENTATIONS = YES;
				CLANG_WARN_DIRECT_OBJC_ISA_USAGE = YES_ERROR;
				CLANG_WARN_DOCUMENTATION_COMMENTS = YES;
				CLANG_WARN_EMPTY_BODY = YES;
				CLANG_WARN_ENUM_CONVERSION = YES;
				CLANG_WARN_INFINITE_RECURSION = YES;
				CLANG_WARN_INT_CONVERSION = YES;
				CLANG_WARN_NON_LITERAL_NULL_CONVERSION = YES;
				CLANG_WARN_OBJC_IMPLICIT_RETAIN_SELF = YES;
				CLANG_WARN_OBJC_LITERAL_CONVERSION = YES;
				CLANG_WARN_OBJC_ROOT_CLASS = YES_ERROR;
				CLANG_WARN_RANGE_LOOP_ANALYSIS = YES;
				CLANG_WARN_STRICT_PROTOTYPES = YES;
				CLANG_WARN_SUSPICIOUS_MOVE = YES;
				CLANG_WARN_UNGUARDED_AVAILABILITY = YES_AGGRESSIVE;
				CLANG_WARN_UNREACHABLE_CODE = YES;
				CLANG_WARN__DUPLICATE_METHOD_MATCH = YES;
				CODE_SIGN_IDENTITY = "iPhone Developer";
				COPY_PHASE_STRIP = NO;
				DEBUG_INFORMATION_FORMAT = "dwarf-with-dsym";
				ENABLE_NS_ASSERTIONS = NO;
				ENABLE_STRICT_OBJC_MSGSEND = YES;
				GCC_C_LANGUAGE_STANDARD = gnu11;
				GCC_NO_COMMON_BLOCKS = YES;
				GCC_WARN_64_TO_32_BIT_CONVERSION = YES;
				GCC_WARN_ABOUT_RETURN_TYPE = YES_ERROR;
				GCC_WARN_UNDECLARED_SELECTOR = YES;
				GCC_WARN_UNINITIALIZED_AUTOS = YES_AGGRESSIVE;
				GCC_WARN_UNUSED_FUNCTION = YES;
				GCC_WARN_UNUSED_VARIABLE = YES;
				IPHONEOS_DEPLOYMENT_TARGET = 12.4;
				MTL_ENABLE_DEBUG_INFO = NO;
				MTL_FAST_MATH = YES;
				SDKROOT = iphoneos;
				SWIFT_COMPILATION_MODE = wholemodule;
				SWIFT_OPTIMIZATION_LEVEL = "-O";
				VALIDATE_PRODUCT = YES;
			};
			name = Release;
		};
		07CEFAEA232A06FF00D3999E /* Debug */ = {
			isa = XCBuildConfiguration;
			buildSettings = {
				ASSETCATALOG_COMPILER_APPICON_NAME = AppIcon;
				CODE_SIGN_STYLE = Automatic;
				DEVELOPMENT_TEAM = PG6CURL89C;
				INFOPLIST_FILE = ProgrammaticAutoLayoutConstraints/Info.plist;
				LD_RUNPATH_SEARCH_PATHS = (
					"$(inherited)",
					"@executable_path/Frameworks",
				);
				PRODUCT_BUNDLE_IDENTIFIER = edu.missouri.ProgrammaticAutoLayoutConstraints;
				PRODUCT_NAME = "$(TARGET_NAME)";
				SWIFT_VERSION = 5.0;
				TARGETED_DEVICE_FAMILY = "1,2";
			};
			name = Debug;
		};
		07CEFAEB232A06FF00D3999E /* Release */ = {
			isa = XCBuildConfiguration;
			buildSettings = {
				ASSETCATALOG_COMPILER_APPICON_NAME = AppIcon;
				CODE_SIGN_STYLE = Automatic;
				DEVELOPMENT_TEAM = PG6CURL89C;
				INFOPLIST_FILE = ProgrammaticAutoLayoutConstraints/Info.plist;
				LD_RUNPATH_SEARCH_PATHS = (
					"$(inherited)",
					"@executable_path/Frameworks",
				);
				PRODUCT_BUNDLE_IDENTIFIER = edu.missouri.ProgrammaticAutoLayoutConstraints;
				PRODUCT_NAME = "$(TARGET_NAME)";
				SWIFT_VERSION = 5.0;
				TARGETED_DEVICE_FAMILY = "1,2";
			};
			name = Release;
		};
/* End XCBuildConfiguration section */

/* Begin XCConfigurationList section */
		07CEFACF232A06FD00D3999E /* Build configuration list for PBXProject "ProgrammaticAutoLayoutConstraints" */ = {
			isa = XCConfigurationList;
			buildConfigurations = (
				07CEFAE7232A06FF00D3999E /* Debug */,
				07CEFAE8232A06FF00D3999E /* Release */,
			);
			defaultConfigurationIsVisible = 0;
			defaultConfigurationName = Release;
		};
		07CEFAE9232A06FF00D3999E /* Build configuration list for PBXNativeTarget "ProgrammaticAutoLayoutConstraints" */ = {
			isa = XCConfigurationList;
			buildConfigurations = (
				07CEFAEA232A06FF00D3999E /* Debug */,
				07CEFAEB232A06FF00D3999E /* Release */,
			);
			defaultConfigurationIsVisible = 0;
			defaultConfigurationName = Release;
		};
/* End XCConfigurationList section */

/* Begin XCVersionGroup section */
		07CEFADE232A06FD00D3999E /* ProgrammaticAutoLayoutConstraints.xcdatamodeld */ = {
			isa = XCVersionGroup;
			children = (
				07CEFADF232A06FD00D3999E /* ProgrammaticAutoLayoutConstraints.xcdatamodel */,
			);
			currentVersion = 07CEFADF232A06FD00D3999E /* ProgrammaticAutoLayoutConstraints.xcdatamodel */;
			path = ProgrammaticAutoLayoutConstraints.xcdatamodeld;
			sourceTree = "<group>";
			versionGroupType = wrapper.xcdatamodel;
		};
/* End XCVersionGroup section */
	};
	rootObject = 07CEFACC232A06FD00D3999E /* Project object */;
}
